
Microsoft Visual Studio Solution File, Format Version 12.00
# Visual Studio 15
VisualStudioVersion = 15.0.27130.2036
MinimumVisualStudioVersion = 10.0.40219.1
Project("{9A19103F-16F7-4668-BE54-9A1E7A4F7556}") = "WUMEI", "src\WUMEI\WUMEI.csproj", "{71950BA1-22BC-4EBB-9F06-88C105310596}"
EndProject
Global
	GlobalSection(SolutionConfigurationPlatforms) = preSolution
		Debug|Any CPU = Debug|Any CPU
		Release|Any CPU = Release|Any CPU
	EndGlobalSection
	GlobalSection(ProjectConfigurationPlatforms) = postSolution
		{71950BA1-22BC-4EBB-9F06-88C105310596}.Debug|Any CPU.ActiveCfg = Debug|Any CPU
		{71950BA1-22BC-4EBB-9F06-88C105310596}.Debug|Any CPU.Build.0 = Debug|Any CPU
		{71950BA1-22BC-4EBB-9F06-88C105310596}.Release|Any CPU.ActiveCfg = Release|Any CPU
		{71950BA1-22BC-4EBB-9F06-88C105310596}.Release|Any CPU.Build.0 = Release|Any CPU
	EndGlobalSection
	GlobalSection(SolutionProperties) = preSolution
		HideSolutionNode = FALSE
	EndGlobalSection
	GlobalSection(ExtensibilityGlobals) = postSolution
		SolutionGuid = {0E86B333-E701-4E18-8690-E5F3BACCDC3C}
	EndGlobalSection
EndGlobal
